PODS:
  - Alamofire (5.6.2)
  - IQKeyboardManagerSwift (6.5.10)
  - Loaf (0.7.0)
  - MBProgressHUD (1.2.0)
  - ModelMapper (10.0.1):
    - ModelMapper/Core (= 10.0.1)
  - ModelMapper/Core (10.0.1)
  - SwiftyJSON (5.0.1)

DEPENDENCIES:
  - Alamofire
  - IQKeyboardManagerSwift
  - Loaf
  - MBProgressHUD
  - ModelMapper
  - SwiftyJSON

SPEC REPOS:
  trunk:
    - Alamofire
    - IQKeyboardManagerSwift
    - Loaf
    - MBProgressHUD
    - ModelMapper
    - SwiftyJSON

SPEC CHECKSUMS:
  Alamofire: d368e1ff8a298e6dde360e35a3e68e6c610e7204
  IQKeyboardManagerSwift: 52962c76ab33532f15ad9f3ff4e5715eda5335bb
  Loaf: d69937cd00649f3fa260beb8b7aef0a1feb861ef
  MBProgressHUD: 3ee5efcc380f6a79a7cc9b363dd669c5e1ae7406
  ModelMapper: 0f68dd4300d0e27290c70f66492c7f795da21bcf
  SwiftyJSON: 2f33a42c6fbc52764d96f13368585094bfd8aa5e

PODFILE CHECKSUM: 4cee0748ad1eedfa33194bc05bc2be88757c89ef

COCOAPODS: 1.11.3
